{
  "version": 4,
  "terraform_version": "1.3.4",
  "serial": 528,
  "lineage": "69b8fd67-5728-f049-6ea1-b6c2f4d38a7c",
  "outputs": {},
  "resources": [
    {
      "mode": "managed",
      "type": "test_assertions",
      "name": "dummy",
      "provider": "provider[\"terraform.io/builtin/test\"]",
      "instances": [
        {
          "schema_version": 0,
          "attributes": {
            "check": {},
            "component": "this",
            "equal": {
              "value": {
                "scheme": {
                  "description": "As module does not have any output and data just make sure the case runs. Probably can be thrown away.",
                  "got": "all good",
                  "want": "all good"
                }
              },
              "type": [
                "object",
                {
                  "scheme": [
                    "object",
                    {
                      "description": "string",
                      "got": "string",
                      "want": "string"
                    }
                  ]
                }
              ]
            }
          },
          "sensitive_attributes": []
        }
      ]
    },
    {
      "module": "module.this[\"dns_dev\"]",
      "mode": "managed",
      "type": "local_file",
      "name": "this",
      "provider": "provider[\"registry.terraform.io/hashicorp/local\"]",
      "instances": [
        {
          "index_key": "main",
          "schema_version": 0,
          "attributes": {
            "content": "module \"dns_dev\" {\n  source  = \"dasmeta/dns/aws\"\n  version = \"1.2.3\"\n\n  create_zone = true\n  records = []\n  zone_name = \"dev.example.com\"\n}",
            "content_base64": null,
            "directory_permission": "0777",
            "file_permission": "0777",
            "filename": "./results/dns_dev/main.tf",
            "id": "e8d627e500365db121c7d1c7c23a60788efbf270",
            "sensitive_content": null,
            "source": null
          },
          "sensitive_attributes": [],
          "private": "bnVsbA=="
        },
        {
          "index_key": "outputs",
          "schema_version": 0,
          "attributes": {
            "content": "output \"data\" {\n  value = module.dns_dev\n}\n",
            "content_base64": null,
            "directory_permission": "0777",
            "file_permission": "0777",
            "filename": "./results/dns_dev/outputs.tf",
            "id": "9f577379c1e574342256b0ea52b95f9c6e3be2e8",
            "sensitive_content": null,
            "source": null
          },
          "sensitive_attributes": [],
          "private": "bnVsbA=="
        },
        {
          "index_key": "providers",
          "schema_version": 0,
          "attributes": {
            "content": "provider \"aws\" {\n\n  region = \"eu-central-1\"\n}\nprovider \"aws\" {\n  alias = \"virginia\"\n  region = \"us-east-1\"\n}\nprovider \"google\" {\n\n  project = \"test-gcp-project\"\n  region = \"us-east-1\"\n}\n",
            "content_base64": null,
            "directory_permission": "0777",
            "file_permission": "0777",
            "filename": "./results/dns_dev/providers.tf",
            "id": "fc0e46bd38ed5a9dbd90b87e17863e67abf02874",
            "sensitive_content": null,
            "source": null
          },
          "sensitive_attributes": [],
          "private": "bnVsbA=="
        },
        {
          "index_key": "versions",
          "schema_version": 0,
          "attributes": {
            "content": "terraform {\n  backend \"s3\" {\n\n    bucket = \"test-state-bucket\"\n    key = \"state.tfstate\"\n    region = \"us-east-1\"\n  }\n  \n  required_providers {\n  \n    aws = {\n      source  = \"hashicorp/aws\"\n      version = \"~\u003e 4.0.0\"\n      configuration_aliases = [\"aws.virginia\"]\n    }\n  \n    google = {\n      source  = \"hashicorp/google\"\n      version = \"~\u003e 4.0.0\"\n      configuration_aliases = []\n    }\n  \n  }\n\n  required_version = \"\u003e= 1.3.0\"\n}\n",
            "content_base64": null,
            "directory_permission": "0777",
            "file_permission": "0777",
            "filename": "./results/dns_dev/versions.tf",
            "id": "df9dbed1c69d6d642190cd5ac3d34d388c4cb06c",
            "sensitive_content": null,
            "source": null
          },
          "sensitive_attributes": [],
          "private": "bnVsbA=="
        }
      ]
    },
    {
      "module": "module.this[\"dns_prod\"]",
      "mode": "managed",
      "type": "local_file",
      "name": "this",
      "provider": "provider[\"registry.terraform.io/hashicorp/local\"]",
      "instances": [
        {
          "index_key": "main",
          "schema_version": 0,
          "attributes": {
            "content": "module \"dns_prod\" {\n  source  = \"dasmeta/dns/aws\"\n  version = \"1.2.3\"\n\n  create_zone = true\n  records = []\n  zone_name = \"prod.example.com\"\n}",
            "content_base64": null,
            "directory_permission": "0777",
            "file_permission": "0777",
            "filename": "./results/dns_prod/main.tf",
            "id": "2258a620d9fa67a40969da07c94ca3f57067fcd8",
            "sensitive_content": null,
            "source": null
          },
          "sensitive_attributes": [],
          "private": "bnVsbA=="
        },
        {
          "index_key": "outputs",
          "schema_version": 0,
          "attributes": {
            "content": "output \"data\" {\n  value = module.dns_prod\n}\n",
            "content_base64": null,
            "directory_permission": "0777",
            "file_permission": "0777",
            "filename": "./results/dns_prod/outputs.tf",
            "id": "011b2df7342a5e338e7e0bbbc6a608ef9d221690",
            "sensitive_content": null,
            "source": null
          },
          "sensitive_attributes": [],
          "private": "bnVsbA=="
        },
        {
          "index_key": "providers",
          "schema_version": 0,
          "attributes": {
            "content": "provider \"aws\" {\n\n  region = \"eu-central-1\"\n}\nprovider \"aws\" {\n  alias = \"virginia\"\n  region = \"us-east-1\"\n}\nprovider \"google\" {\n\n  project = \"test-gcp-project\"\n  region = \"us-east-1\"\n}\n",
            "content_base64": null,
            "directory_permission": "0777",
            "file_permission": "0777",
            "filename": "./results/dns_prod/providers.tf",
            "id": "fc0e46bd38ed5a9dbd90b87e17863e67abf02874",
            "sensitive_content": null,
            "source": null
          },
          "sensitive_attributes": [],
          "private": "bnVsbA=="
        },
        {
          "index_key": "versions",
          "schema_version": 0,
          "attributes": {
            "content": "terraform {\n  backend \"s3\" {\n\n    bucket = \"test-state-bucket\"\n    key = \"state.tfstate\"\n    region = \"us-east-1\"\n  }\n  \n  required_providers {\n  \n    aws = {\n      source  = \"hashicorp/aws\"\n      version = \"~\u003e 4.0.0\"\n      configuration_aliases = [\"aws.virginia\"]\n    }\n  \n    google = {\n      source  = \"hashicorp/google\"\n      version = \"~\u003e 4.0.0\"\n      configuration_aliases = []\n    }\n  \n  }\n\n  required_version = \"\u003e= 1.3.0\"\n}\n",
            "content_base64": null,
            "directory_permission": "0777",
            "file_permission": "0777",
            "filename": "./results/dns_prod/versions.tf",
            "id": "df9dbed1c69d6d642190cd5ac3d34d388c4cb06c",
            "sensitive_content": null,
            "source": null
          },
          "sensitive_attributes": [],
          "private": "bnVsbA=="
        }
      ]
    },
    {
      "module": "module.this[\"ecr\"]",
      "mode": "managed",
      "type": "local_file",
      "name": "this",
      "provider": "provider[\"registry.terraform.io/hashicorp/local\"]",
      "instances": [
        {
          "index_key": "main",
          "schema_version": 0,
          "attributes": {
            "content": "module \"ecr\" {\n  source  = \"dasmeta/ecr/aws\"\n  version = \"1.2.3\"\n\n  repositories = [\"aa\",\"bb\",\"cc\"]\n}",
            "content_base64": null,
            "directory_permission": "0777",
            "file_permission": "0777",
            "filename": "./results/ecr/main.tf",
            "id": "86b018587df46643a24db744f1d198f40254bd70",
            "sensitive_content": null,
            "source": null
          },
          "sensitive_attributes": [],
          "private": "bnVsbA=="
        },
        {
          "index_key": "outputs",
          "schema_version": 0,
          "attributes": {
            "content": "output \"data\" {\n  value = module.ecr\n}\n",
            "content_base64": null,
            "directory_permission": "0777",
            "file_permission": "0777",
            "filename": "./results/ecr/outputs.tf",
            "id": "d16cd1226232b0ed77d88785ac57b8cf83ed6aeb",
            "sensitive_content": null,
            "source": null
          },
          "sensitive_attributes": [],
          "private": "bnVsbA=="
        },
        {
          "index_key": "providers",
          "schema_version": 0,
          "attributes": {
            "content": "provider \"aws\" {\n\n  region = \"eu-central-1\"\n}\nprovider \"aws\" {\n  alias = \"virginia\"\n  region = \"us-east-1\"\n}\nprovider \"google\" {\n\n  project = \"test-gcp-project\"\n  region = \"us-east-1\"\n}\n",
            "content_base64": null,
            "directory_permission": "0777",
            "file_permission": "0777",
            "filename": "./results/ecr/providers.tf",
            "id": "fc0e46bd38ed5a9dbd90b87e17863e67abf02874",
            "sensitive_content": null,
            "source": null
          },
          "sensitive_attributes": [],
          "private": "bnVsbA=="
        },
        {
          "index_key": "versions",
          "schema_version": 0,
          "attributes": {
            "content": "terraform {\n  backend \"s3\" {\n\n    bucket = \"test-state-bucket\"\n    key = \"state.tfstate\"\n    region = \"us-east-1\"\n  }\n  \n  required_providers {\n  \n    aws = {\n      source  = \"hashicorp/aws\"\n      version = \"~\u003e 4.0.0\"\n      configuration_aliases = [\"aws.virginia\"]\n    }\n  \n    google = {\n      source  = \"hashicorp/google\"\n      version = \"~\u003e 4.0.0\"\n      configuration_aliases = []\n    }\n  \n  }\n\n  required_version = \"\u003e= 1.3.0\"\n}\n",
            "content_base64": null,
            "directory_permission": "0777",
            "file_permission": "0777",
            "filename": "./results/ecr/versions.tf",
            "id": "df9dbed1c69d6d642190cd5ac3d34d388c4cb06c",
            "sensitive_content": null,
            "source": null
          },
          "sensitive_attributes": [],
          "private": "bnVsbA=="
        }
      ]
    },
    {
      "module": "module.this[\"eks_dev\"]",
      "mode": "managed",
      "type": "local_file",
      "name": "this",
      "provider": "provider[\"registry.terraform.io/hashicorp/local\"]",
      "instances": [
        {
          "index_key": "main",
          "schema_version": 0,
          "attributes": {
            "content": "module \"eks_dev\" {\n  source  = \"dasmeta/eks/aws\"\n  version = \"1.2.3\"\n\n  availability_zones = []\n  cidr = \"10.1.0.0/16\"\n  cluster_name = \"dev\"\n  private_subnets = [\"10.1.1.0/24\",\"10.1.2.0/24\",\"10.1.3.0/24\"]\n  public_subnets = [\"10.1.4.0/24\",\"10.1.5.0/24\",\"10.1.6.0/24\"]\n  users = []\n  vpc_name = \"dev\"\n}",
            "content_base64": null,
            "directory_permission": "0777",
            "file_permission": "0777",
            "filename": "./results/eks_dev/main.tf",
            "id": "dc2f93df88f16b23e995aa7c3b70dd9aaec4f40d",
            "sensitive_content": null,
            "source": null
          },
          "sensitive_attributes": [],
          "private": "bnVsbA=="
        },
        {
          "index_key": "outputs",
          "schema_version": 0,
          "attributes": {
            "content": "output \"data\" {\n  value = module.eks_dev\n}\n",
            "content_base64": null,
            "directory_permission": "0777",
            "file_permission": "0777",
            "filename": "./results/eks_dev/outputs.tf",
            "id": "693f7af66cd8921dcab5b7f0cd6c51a1e64c966a",
            "sensitive_content": null,
            "source": null
          },
          "sensitive_attributes": [],
          "private": "bnVsbA=="
        },
        {
          "index_key": "providers",
          "schema_version": 0,
          "attributes": {
            "content": "provider \"aws\" {\n\n  region = \"eu-central-1\"\n}\nprovider \"aws\" {\n  alias = \"virginia\"\n  region = \"us-east-1\"\n}\nprovider \"google\" {\n\n  project = \"test-gcp-project\"\n  region = \"us-east-1\"\n}\n",
            "content_base64": null,
            "directory_permission": "0777",
            "file_permission": "0777",
            "filename": "./results/eks_dev/providers.tf",
            "id": "fc0e46bd38ed5a9dbd90b87e17863e67abf02874",
            "sensitive_content": null,
            "source": null
          },
          "sensitive_attributes": [],
          "private": "bnVsbA=="
        },
        {
          "index_key": "versions",
          "schema_version": 0,
          "attributes": {
            "content": "terraform {\n  backend \"s3\" {\n\n    bucket = \"test-state-bucket\"\n    key = \"state.tfstate\"\n    region = \"us-east-1\"\n  }\n  \n  required_providers {\n  \n    aws = {\n      source  = \"hashicorp/aws\"\n      version = \"~\u003e 4.0.0\"\n      configuration_aliases = [\"aws.virginia\"]\n    }\n  \n    google = {\n      source  = \"hashicorp/google\"\n      version = \"~\u003e 4.0.0\"\n      configuration_aliases = []\n    }\n  \n  }\n\n  required_version = \"\u003e= 1.3.0\"\n}\n",
            "content_base64": null,
            "directory_permission": "0777",
            "file_permission": "0777",
            "filename": "./results/eks_dev/versions.tf",
            "id": "df9dbed1c69d6d642190cd5ac3d34d388c4cb06c",
            "sensitive_content": null,
            "source": null
          },
          "sensitive_attributes": [],
          "private": "bnVsbA=="
        }
      ]
    },
    {
      "module": "module.this[\"eks_prod\"]",
      "mode": "managed",
      "type": "local_file",
      "name": "this",
      "provider": "provider[\"registry.terraform.io/hashicorp/local\"]",
      "instances": [
        {
          "index_key": "main",
          "schema_version": 0,
          "attributes": {
            "content": "module \"eks_prod\" {\n  source  = \"dasmeta/eks/aws\"\n  version = \"1.2.3\"\n\n  availability_zones = []\n  cidr = \"10.2.0.0/16\"\n  cluster_name = \"prod\"\n  private_subnets = [\"10.2.1.0/24\",\"10.2.2.0/24\",\"10.2.3.0/24\"]\n  public_subnets = [\"10.2.4.0/24\",\"10.2.5.0/24\",\"10.2.6.0/24\"]\n  users = []\n  vpc_name = \"prod\"\n}",
            "content_base64": null,
            "directory_permission": "0777",
            "file_permission": "0777",
            "filename": "./results/eks_prod/main.tf",
            "id": "db73e45f8ec44109535fb25e9e8d5ff247e1cb94",
            "sensitive_content": null,
            "source": null
          },
          "sensitive_attributes": [],
          "private": "bnVsbA=="
        },
        {
          "index_key": "outputs",
          "schema_version": 0,
          "attributes": {
            "content": "output \"data\" {\n  value = module.eks_prod\n}\n",
            "content_base64": null,
            "directory_permission": "0777",
            "file_permission": "0777",
            "filename": "./results/eks_prod/outputs.tf",
            "id": "9792c5ffb383173bd52990a3a51ee60e14ec5156",
            "sensitive_content": null,
            "source": null
          },
          "sensitive_attributes": [],
          "private": "bnVsbA=="
        },
        {
          "index_key": "providers",
          "schema_version": 0,
          "attributes": {
            "content": "provider \"aws\" {\n\n  region = \"eu-central-1\"\n}\nprovider \"aws\" {\n  alias = \"virginia\"\n  region = \"us-east-1\"\n}\nprovider \"google\" {\n\n  project = \"test-gcp-project\"\n  region = \"us-east-1\"\n}\n",
            "content_base64": null,
            "directory_permission": "0777",
            "file_permission": "0777",
            "filename": "./results/eks_prod/providers.tf",
            "id": "fc0e46bd38ed5a9dbd90b87e17863e67abf02874",
            "sensitive_content": null,
            "source": null
          },
          "sensitive_attributes": [],
          "private": "bnVsbA=="
        },
        {
          "index_key": "versions",
          "schema_version": 0,
          "attributes": {
            "content": "terraform {\n  backend \"s3\" {\n\n    bucket = \"test-state-bucket\"\n    key = \"state.tfstate\"\n    region = \"us-east-1\"\n  }\n  \n  required_providers {\n  \n    aws = {\n      source  = \"hashicorp/aws\"\n      version = \"~\u003e 4.0.0\"\n      configuration_aliases = [\"aws.virginia\"]\n    }\n  \n    google = {\n      source  = \"hashicorp/google\"\n      version = \"~\u003e 4.0.0\"\n      configuration_aliases = []\n    }\n  \n  }\n\n  required_version = \"\u003e= 1.3.0\"\n}\n",
            "content_base64": null,
            "directory_permission": "0777",
            "file_permission": "0777",
            "filename": "./results/eks_prod/versions.tf",
            "id": "df9dbed1c69d6d642190cd5ac3d34d388c4cb06c",
            "sensitive_content": null,
            "source": null
          },
          "sensitive_attributes": [],
          "private": "bnVsbA=="
        }
      ]
    }
  ],
  "check_results": null
}
